<Solution>
  <Configurations>
    <Platform Name="ARM64" />
    <Platform Name="x64" />
    <Platform Name="x86" />
  </Configurations>
  <Project Path="WE Tool/WE Tool.csproj">
    <BuildType Solution="Release|x64" Project="Debug" />
    <Platform Solution="*|ARM64" Project="ARM64" />
    <Platform Solution="*|x64" Project="x64" />
    <Platform Solution="Debug|x86" Project="x64" />
    <Platform Solution="Release|x86" Project="x86" />
    <Deploy />
  </Project>
  <Project Path="TestSteamUnsub/TestSteamUnsub.csproj" />
  <Project Path="FakeRePkg/FakeRePkg.csproj" />
  <Project Path="TestBatchRestart/TestBatchRestart.csproj" />
  <Project Path="FakeWorkshopLauncher/FakeWorkshopLauncher.csproj" />
  <Project Path="FakeWorkshopGenerator/FakeWorkshopGenerator.csproj" />
</Solution>
